
Microsoft Visual Studio Solution File, Format Version 12.00
# Visual Studio 2013
VisualStudioVersion = 12.0.30324.0
MinimumVisualStudioVersion = 10.0.40219.1
Project("{FAE04EC0-301F-11D3-BF4B-00C04F79EFBC}") = "HelloWorldWithContainer", "HelloWorldWithContainer\HelloWorldWithContainer.csproj", "{BF5A2C13-71DB-420C-AE65-34C33E80739F}"
EndProject
Project("{FAE04EC0-301F-11D3-BF4B-00C04F79EFBC}") = "Microsoft.Practices.Prism.StoreApps", "..\..\Prism.StoreApps\Microsoft.Practices.Prism.StoreApps.csproj", "{A2303152-0F67-4CA5-8639-0A16E64A8B6D}"
EndProject
Project("{2150E333-8FDC-42A3-9474-1A3956D46DE8}") = ".nuget", ".nuget", "{1B1DDC20-11AA-4BFA-B7B8-4D87C09C7123}"
	ProjectSection(SolutionItems) = preProject
		.nuget\NuGet.Config = .nuget\NuGet.Config
		.nuget\NuGet.targets = .nuget\NuGet.targets
	EndProjectSection
EndProject
Global
	GlobalSection(SolutionConfigurationPlatforms) = preSolution
		Debug|Any CPU = Debug|Any CPU
		Debug|ARM = Debug|ARM
		Debug|x64 = Debug|x64
		Debug|x86 = Debug|x86
		Release|Any CPU = Release|Any CPU
		Release|ARM = Release|ARM
		Release|x64 = Release|x64
		Release|x86 = Release|x86
	EndGlobalSection
	GlobalSection(ProjectConfigurationPlatforms) = postSolution
		{BF5A2C13-71DB-420C-AE65-34C33E80739F}.Debug|Any CPU.ActiveCfg = Debug|Any CPU
		{BF5A2C13-71DB-420C-AE65-34C33E80739F}.Debug|Any CPU.Build.0 = Debug|Any CPU
		{BF5A2C13-71DB-420C-AE65-34C33E80739F}.Debug|Any CPU.Deploy.0 = Debug|Any CPU
		{BF5A2C13-71DB-420C-AE65-34C33E80739F}.Debug|ARM.ActiveCfg = Debug|ARM
		{BF5A2C13-71DB-420C-AE65-34C33E80739F}.Debug|ARM.Build.0 = Debug|ARM
		{BF5A2C13-71DB-420C-AE65-34C33E80739F}.Debug|ARM.Deploy.0 = Debug|ARM
		{BF5A2C13-71DB-420C-AE65-34C33E80739F}.Debug|x64.ActiveCfg = Debug|x64
		{BF5A2C13-71DB-420C-AE65-34C33E80739F}.Debug|x64.Build.0 = Debug|x64
		{BF5A2C13-71DB-420C-AE65-34C33E80739F}.Debug|x64.Deploy.0 = Debug|x64
		{BF5A2C13-71DB-420C-AE65-34C33E80739F}.Debug|x86.ActiveCfg = Debug|x86
		{BF5A2C13-71DB-420C-AE65-34C33E80739F}.Debug|x86.Build.0 = Debug|x86
		{BF5A2C13-71DB-420C-AE65-34C33E80739F}.Debug|x86.Deploy.0 = Debug|x86
		{BF5A2C13-71DB-420C-AE65-34C33E80739F}.Release|Any CPU.ActiveCfg = Release|Any CPU
		{BF5A2C13-71DB-420C-AE65-34C33E80739F}.Release|Any CPU.Build.0 = Release|Any CPU
		{BF5A2C13-71DB-420C-AE65-34C33E80739F}.Release|Any CPU.Deploy.0 = Release|Any CPU
		{BF5A2C13-71DB-420C-AE65-34C33E80739F}.Release|ARM.ActiveCfg = Release|ARM
		{BF5A2C13-71DB-420C-AE65-34C33E80739F}.Release|ARM.Build.0 = Release|ARM
		{BF5A2C13-71DB-420C-AE65-34C33E80739F}.Release|ARM.Deploy.0 = Release|ARM
		{BF5A2C13-71DB-420C-AE65-34C33E80739F}.Release|x64.ActiveCfg = Release|x64
		{BF5A2C13-71DB-420C-AE65-34C33E80739F}.Release|x64.Build.0 = Release|x64
		{BF5A2C13-71DB-420C-AE65-34C33E80739F}.Release|x64.Deploy.0 = Release|x64
		{BF5A2C13-71DB-420C-AE65-34C33E80739F}.Release|x86.ActiveCfg = Release|x86
		{BF5A2C13-71DB-420C-AE65-34C33E80739F}.Release|x86.Build.0 = Release|x86
		{BF5A2C13-71DB-420C-AE65-34C33E80739F}.Release|x86.Deploy.0 = Release|x86
		{A2303152-0F67-4CA5-8639-0A16E64A8B6D}.Debug|Any CPU.ActiveCfg = Debug|Any CPU
		{A2303152-0F67-4CA5-8639-0A16E64A8B6D}.Debug|Any CPU.Build.0 = Debug|Any CPU
		{A2303152-0F67-4CA5-8639-0A16E64A8B6D}.Debug|ARM.ActiveCfg = Debug|ARM
		{A2303152-0F67-4CA5-8639-0A16E64A8B6D}.Debug|ARM.Build.0 = Debug|ARM
		{A2303152-0F67-4CA5-8639-0A16E64A8B6D}.Debug|x64.ActiveCfg = Debug|x64
		{A2303152-0F67-4CA5-8639-0A16E64A8B6D}.Debug|x64.Build.0 = Debug|x64
		{A2303152-0F67-4CA5-8639-0A16E64A8B6D}.Debug|x86.ActiveCfg = Debug|x86
		{A2303152-0F67-4CA5-8639-0A16E64A8B6D}.Debug|x86.Build.0 = Debug|x86
		{A2303152-0F67-4CA5-8639-0A16E64A8B6D}.Release|Any CPU.ActiveCfg = Release|Any CPU
		{A2303152-0F67-4CA5-8639-0A16E64A8B6D}.Release|Any CPU.Build.0 = Release|Any CPU
		{A2303152-0F67-4CA5-8639-0A16E64A8B6D}.Release|ARM.ActiveCfg = Release|ARM
		{A2303152-0F67-4CA5-8639-0A16E64A8B6D}.Release|ARM.Build.0 = Release|ARM
		{A2303152-0F67-4CA5-8639-0A16E64A8B6D}.Release|x64.ActiveCfg = Release|x64
		{A2303152-0F67-4CA5-8639-0A16E64A8B6D}.Release|x64.Build.0 = Release|x64
		{A2303152-0F67-4CA5-8639-0A16E64A8B6D}.Release|x86.ActiveCfg = Release|x86
		{A2303152-0F67-4CA5-8639-0A16E64A8B6D}.Release|x86.Build.0 = Release|x86
	EndGlobalSection
	GlobalSection(SolutionProperties) = preSolution
		HideSolutionNode = FALSE
	EndGlobalSection
EndGlobal
