
Microsoft Visual Studio Solution File, Format Version 12.00
# Visual Studio 2013
VisualStudioVersion = 12.0.30324.0
MinimumVisualStudioVersion = 10.0.40219.1
Project("{2150E333-8FDC-42A3-9474-1A3956D46DE8}") = "Tests", "Tests", "{C3F03DDF-A032-4E32-BD38-24CCBF104705}"
EndProject
Project("{2150E333-8FDC-42A3-9474-1A3956D46DE8}") = ".nuget", ".nuget", "{94AB71ED-9045-41F9-AD7D-18F42EE9B09E}"
	ProjectSection(SolutionItems) = preProject
		.nuget\NuGet.Config = .nuget\NuGet.Config
		.nuget\NuGet.targets = .nuget\NuGet.targets
	EndProjectSection
EndProject
Project("{FAE04EC0-301F-11D3-BF4B-00C04F79EFBC}") = "AdventureWorks.Shopper", "ReferenceImplementation\AdventureWorks.Shopper\AdventureWorks.Shopper.csproj", "{0DB06939-5AF8-4446-8321-AF6ABA56318E}"
	ProjectSection(ProjectDependencies) = postProject
		{5B10DC48-600B-4F27-84D8-F041FEE71A34} = {5B10DC48-600B-4F27-84D8-F041FEE71A34}
		{6FA921C7-05EB-4881-8CDA-F4279B6EB23D} = {6FA921C7-05EB-4881-8CDA-F4279B6EB23D}
	EndProjectSection
EndProject
Project("{FAE04EC0-301F-11D3-BF4B-00C04F79EFBC}") = "AdventureWorks.WebServices", "ReferenceImplementation\AdventureWorks.WebServices\AdventureWorks.WebServices.csproj", "{6FA921C7-05EB-4881-8CDA-F4279B6EB23D}"
EndProject
Project("{FAE04EC0-301F-11D3-BF4B-00C04F79EFBC}") = "AdventureWorks.UILogic", "ReferenceImplementation\AdventureWorks.UILogic\AdventureWorks.UILogic.csproj", "{5B10DC48-600B-4F27-84D8-F041FEE71A34}"
EndProject
Project("{FAE04EC0-301F-11D3-BF4B-00C04F79EFBC}") = "AdventureWorks.UILogic.Tests", "ReferenceImplementation\AdventureWorks.UILogic.Tests\AdventureWorks.UILogic.Tests.csproj", "{3F9E75B9-C645-4E98-ABEC-A53B85DDA651}"
EndProject
Project("{FAE04EC0-301F-11D3-BF4B-00C04F79EFBC}") = "Microsoft.Practices.Prism.StoreApps", "Prism.StoreApps\Microsoft.Practices.Prism.StoreApps.csproj", "{A2303152-0F67-4CA5-8639-0A16E64A8B6D}"
EndProject
Project("{FAE04EC0-301F-11D3-BF4B-00C04F79EFBC}") = "AdventureWorks.WebServices.Tests", "ReferenceImplementation\AdventureWorks.WebServices.Tests\AdventureWorks.WebServices.Tests.csproj", "{13AB2470-6ABB-4E28-B5D6-88483C92E871}"
EndProject
Project("{FAE04EC0-301F-11D3-BF4B-00C04F79EFBC}") = "Microsoft.Practices.Prism.StoreApps.Tests", "Prism.StoreApps.Tests\Microsoft.Practices.Prism.StoreApps.Tests.csproj", "{4F93F2D6-F9C4-4174-AC52-505800FA2FFC}"
EndProject
Project("{2150E333-8FDC-42A3-9474-1A3956D46DE8}") = "AdventureWorks.Shopper", "AdventureWorks.Shopper", "{0EBAAA17-2E29-4A75-B7D8-479BCDA76FC8}"
EndProject
Project("{D954291E-2A0B-460D-934E-DC6B0785DB48}") = "AdventureWorks.Shopper.Shared", "ReferenceImplementation\AdventureWorks.Shopper.Shared\AdventureWorks.Shopper.Shared.shproj", "{3A274352-DCCF-4265-9BB3-5197AA55B11D}"
EndProject
Project("{FAE04EC0-301F-11D3-BF4B-00C04F79EFBC}") = "AdventureWorks.Shopper.WindowsPhone", "ReferenceImplementation\AdventureWorks.Shopper.WindowsPhone\AdventureWorks.Shopper.WindowsPhone.csproj", "{02EF7FFF-F0E3-460B-B97E-C65F937F1692}"
EndProject
Project("{FAE04EC0-301F-11D3-BF4B-00C04F79EFBC}") = "AdventureWorks.UILogic.Windows", "ReferenceImplementation\AdventureWorks.UILogic.Windows\AdventureWorks.UILogic.Windows.csproj", "{0C4C3E22-F620-49C9-B7B7-BBB667A5F3A8}"
EndProject
Project("{FAE04EC0-301F-11D3-BF4B-00C04F79EFBC}") = "Microsoft.Practices.Prism.StoreApps.Windows", "Prism.StoreApps.Windows\Microsoft.Practices.Prism.StoreApps.Windows.csproj", "{77C5A421-7580-4950-B5EE-DB86F896DBCF}"
EndProject
Project("{FAE04EC0-301F-11D3-BF4B-00C04F79EFBC}") = "Microsoft.Practices.Prism.StoreApps.Phone", "Prism.StoreApps.Phone\Microsoft.Practices.Prism.StoreApps.Phone.csproj", "{9D0B7293-685A-4BD1-85F6-603DB4D140F2}"
EndProject
Global
	GlobalSection(SharedMSBuildProjectFiles) = preSolution
		ReferenceImplementation\AdventureWorks.Shopper.Shared\AdventureWorks.Shopper.Shared.projitems*{3a274352-dccf-4265-9bb3-5197aa55b11d}*SharedItemsImports = 13
		ReferenceImplementation\AdventureWorks.Shopper.Shared\AdventureWorks.Shopper.Shared.projitems*{0db06939-5af8-4446-8321-af6aba56318e}*SharedItemsImports = 4
		ReferenceImplementation\AdventureWorks.Shopper.Shared\AdventureWorks.Shopper.Shared.projitems*{02ef7fff-f0e3-460b-b97e-c65f937f1692}*SharedItemsImports = 4
	EndGlobalSection
	GlobalSection(SolutionConfigurationPlatforms) = preSolution
		Debug|Any CPU = Debug|Any CPU
		Debug|ARM = Debug|ARM
		Debug|x64 = Debug|x64
		Debug|x86 = Debug|x86
		Release|Any CPU = Release|Any CPU
		Release|ARM = Release|ARM
		Release|x64 = Release|x64
		Release|x86 = Release|x86
	EndGlobalSection
	GlobalSection(ProjectConfigurationPlatforms) = postSolution
		{0DB06939-5AF8-4446-8321-AF6ABA56318E}.Debug|Any CPU.ActiveCfg = Debug|Any CPU
		{0DB06939-5AF8-4446-8321-AF6ABA56318E}.Debug|Any CPU.Build.0 = Debug|Any CPU
		{0DB06939-5AF8-4446-8321-AF6ABA56318E}.Debug|Any CPU.Deploy.0 = Debug|Any CPU
		{0DB06939-5AF8-4446-8321-AF6ABA56318E}.Debug|ARM.ActiveCfg = Debug|ARM
		{0DB06939-5AF8-4446-8321-AF6ABA56318E}.Debug|ARM.Build.0 = Debug|ARM
		{0DB06939-5AF8-4446-8321-AF6ABA56318E}.Debug|ARM.Deploy.0 = Debug|ARM
		{0DB06939-5AF8-4446-8321-AF6ABA56318E}.Debug|x64.ActiveCfg = Debug|x64
		{0DB06939-5AF8-4446-8321-AF6ABA56318E}.Debug|x64.Build.0 = Debug|x64
		{0DB06939-5AF8-4446-8321-AF6ABA56318E}.Debug|x64.Deploy.0 = Debug|x64
		{0DB06939-5AF8-4446-8321-AF6ABA56318E}.Debug|x86.ActiveCfg = Debug|x86
		{0DB06939-5AF8-4446-8321-AF6ABA56318E}.Debug|x86.Build.0 = Debug|x86
		{0DB06939-5AF8-4446-8321-AF6ABA56318E}.Debug|x86.Deploy.0 = Debug|x86
		{0DB06939-5AF8-4446-8321-AF6ABA56318E}.Release|Any CPU.ActiveCfg = Release|Any CPU
		{0DB06939-5AF8-4446-8321-AF6ABA56318E}.Release|Any CPU.Build.0 = Release|Any CPU
		{0DB06939-5AF8-4446-8321-AF6ABA56318E}.Release|Any CPU.Deploy.0 = Release|Any CPU
		{0DB06939-5AF8-4446-8321-AF6ABA56318E}.Release|ARM.ActiveCfg = Release|ARM
		{0DB06939-5AF8-4446-8321-AF6ABA56318E}.Release|ARM.Build.0 = Release|ARM
		{0DB06939-5AF8-4446-8321-AF6ABA56318E}.Release|ARM.Deploy.0 = Release|ARM
		{0DB06939-5AF8-4446-8321-AF6ABA56318E}.Release|x64.ActiveCfg = Release|x64
		{0DB06939-5AF8-4446-8321-AF6ABA56318E}.Release|x64.Build.0 = Release|x64
		{0DB06939-5AF8-4446-8321-AF6ABA56318E}.Release|x64.Deploy.0 = Release|x64
		{0DB06939-5AF8-4446-8321-AF6ABA56318E}.Release|x86.ActiveCfg = Release|x86
		{0DB06939-5AF8-4446-8321-AF6ABA56318E}.Release|x86.Build.0 = Release|x86
		{0DB06939-5AF8-4446-8321-AF6ABA56318E}.Release|x86.Deploy.0 = Release|x86
		{6FA921C7-05EB-4881-8CDA-F4279B6EB23D}.Debug|Any CPU.ActiveCfg = Debug|Any CPU
		{6FA921C7-05EB-4881-8CDA-F4279B6EB23D}.Debug|Any CPU.Build.0 = Debug|Any CPU
		{6FA921C7-05EB-4881-8CDA-F4279B6EB23D}.Debug|ARM.ActiveCfg = Debug|Any CPU
		{6FA921C7-05EB-4881-8CDA-F4279B6EB23D}.Debug|x64.ActiveCfg = Debug|Any CPU
		{6FA921C7-05EB-4881-8CDA-F4279B6EB23D}.Debug|x86.ActiveCfg = Debug|Any CPU
		{6FA921C7-05EB-4881-8CDA-F4279B6EB23D}.Release|Any CPU.ActiveCfg = Release|Any CPU
		{6FA921C7-05EB-4881-8CDA-F4279B6EB23D}.Release|Any CPU.Build.0 = Release|Any CPU
		{6FA921C7-05EB-4881-8CDA-F4279B6EB23D}.Release|ARM.ActiveCfg = Release|Any CPU
		{6FA921C7-05EB-4881-8CDA-F4279B6EB23D}.Release|x64.ActiveCfg = Release|Any CPU
		{6FA921C7-05EB-4881-8CDA-F4279B6EB23D}.Release|x86.ActiveCfg = Release|Any CPU
		{5B10DC48-600B-4F27-84D8-F041FEE71A34}.Debug|Any CPU.ActiveCfg = Debug|Any CPU
		{5B10DC48-600B-4F27-84D8-F041FEE71A34}.Debug|Any CPU.Build.0 = Debug|Any CPU
		{5B10DC48-600B-4F27-84D8-F041FEE71A34}.Debug|ARM.ActiveCfg = Debug|ARM
		{5B10DC48-600B-4F27-84D8-F041FEE71A34}.Debug|ARM.Build.0 = Debug|ARM
		{5B10DC48-600B-4F27-84D8-F041FEE71A34}.Debug|x64.ActiveCfg = Debug|x64
		{5B10DC48-600B-4F27-84D8-F041FEE71A34}.Debug|x64.Build.0 = Debug|x64
		{5B10DC48-600B-4F27-84D8-F041FEE71A34}.Debug|x86.ActiveCfg = Debug|x86
		{5B10DC48-600B-4F27-84D8-F041FEE71A34}.Debug|x86.Build.0 = Debug|x86
		{5B10DC48-600B-4F27-84D8-F041FEE71A34}.Release|Any CPU.ActiveCfg = Release|Any CPU
		{5B10DC48-600B-4F27-84D8-F041FEE71A34}.Release|Any CPU.Build.0 = Release|Any CPU
		{5B10DC48-600B-4F27-84D8-F041FEE71A34}.Release|ARM.ActiveCfg = Release|ARM
		{5B10DC48-600B-4F27-84D8-F041FEE71A34}.Release|ARM.Build.0 = Release|ARM
		{5B10DC48-600B-4F27-84D8-F041FEE71A34}.Release|x64.ActiveCfg = Release|x64
		{5B10DC48-600B-4F27-84D8-F041FEE71A34}.Release|x64.Build.0 = Release|x64
		{5B10DC48-600B-4F27-84D8-F041FEE71A34}.Release|x86.ActiveCfg = Release|x86
		{5B10DC48-600B-4F27-84D8-F041FEE71A34}.Release|x86.Build.0 = Release|x86
		{3F9E75B9-C645-4E98-ABEC-A53B85DDA651}.Debug|Any CPU.ActiveCfg = Debug|Any CPU
		{3F9E75B9-C645-4E98-ABEC-A53B85DDA651}.Debug|Any CPU.Build.0 = Debug|Any CPU
		{3F9E75B9-C645-4E98-ABEC-A53B85DDA651}.Debug|Any CPU.Deploy.0 = Debug|Any CPU
		{3F9E75B9-C645-4E98-ABEC-A53B85DDA651}.Debug|ARM.ActiveCfg = Debug|ARM
		{3F9E75B9-C645-4E98-ABEC-A53B85DDA651}.Debug|ARM.Build.0 = Debug|ARM
		{3F9E75B9-C645-4E98-ABEC-A53B85DDA651}.Debug|ARM.Deploy.0 = Debug|ARM
		{3F9E75B9-C645-4E98-ABEC-A53B85DDA651}.Debug|x64.ActiveCfg = Debug|x64
		{3F9E75B9-C645-4E98-ABEC-A53B85DDA651}.Debug|x64.Build.0 = Debug|x64
		{3F9E75B9-C645-4E98-ABEC-A53B85DDA651}.Debug|x64.Deploy.0 = Debug|x64
		{3F9E75B9-C645-4E98-ABEC-A53B85DDA651}.Debug|x86.ActiveCfg = Debug|x86
		{3F9E75B9-C645-4E98-ABEC-A53B85DDA651}.Debug|x86.Build.0 = Debug|x86
		{3F9E75B9-C645-4E98-ABEC-A53B85DDA651}.Debug|x86.Deploy.0 = Debug|x86
		{3F9E75B9-C645-4E98-ABEC-A53B85DDA651}.Release|Any CPU.ActiveCfg = Release|Any CPU
		{3F9E75B9-C645-4E98-ABEC-A53B85DDA651}.Release|Any CPU.Build.0 = Release|Any CPU
		{3F9E75B9-C645-4E98-ABEC-A53B85DDA651}.Release|Any CPU.Deploy.0 = Release|Any CPU
		{3F9E75B9-C645-4E98-ABEC-A53B85DDA651}.Release|ARM.ActiveCfg = Release|ARM
		{3F9E75B9-C645-4E98-ABEC-A53B85DDA651}.Release|ARM.Build.0 = Release|ARM
		{3F9E75B9-C645-4E98-ABEC-A53B85DDA651}.Release|ARM.Deploy.0 = Release|ARM
		{3F9E75B9-C645-4E98-ABEC-A53B85DDA651}.Release|x64.ActiveCfg = Release|x64
		{3F9E75B9-C645-4E98-ABEC-A53B85DDA651}.Release|x64.Build.0 = Release|x64
		{3F9E75B9-C645-4E98-ABEC-A53B85DDA651}.Release|x64.Deploy.0 = Release|x64
		{3F9E75B9-C645-4E98-ABEC-A53B85DDA651}.Release|x86.ActiveCfg = Release|x86
		{3F9E75B9-C645-4E98-ABEC-A53B85DDA651}.Release|x86.Build.0 = Release|x86
		{3F9E75B9-C645-4E98-ABEC-A53B85DDA651}.Release|x86.Deploy.0 = Release|x86
		{A2303152-0F67-4CA5-8639-0A16E64A8B6D}.Debug|Any CPU.ActiveCfg = Debug|Any CPU
		{A2303152-0F67-4CA5-8639-0A16E64A8B6D}.Debug|Any CPU.Build.0 = Debug|Any CPU
		{A2303152-0F67-4CA5-8639-0A16E64A8B6D}.Debug|ARM.ActiveCfg = Debug|Any CPU
		{A2303152-0F67-4CA5-8639-0A16E64A8B6D}.Debug|x64.ActiveCfg = Debug|Any CPU
		{A2303152-0F67-4CA5-8639-0A16E64A8B6D}.Debug|x86.ActiveCfg = Debug|Any CPU
		{A2303152-0F67-4CA5-8639-0A16E64A8B6D}.Release|Any CPU.ActiveCfg = Release|Any CPU
		{A2303152-0F67-4CA5-8639-0A16E64A8B6D}.Release|Any CPU.Build.0 = Release|Any CPU
		{A2303152-0F67-4CA5-8639-0A16E64A8B6D}.Release|ARM.ActiveCfg = Release|ARM
		{A2303152-0F67-4CA5-8639-0A16E64A8B6D}.Release|ARM.Build.0 = Release|ARM
		{A2303152-0F67-4CA5-8639-0A16E64A8B6D}.Release|x64.ActiveCfg = Release|x64
		{A2303152-0F67-4CA5-8639-0A16E64A8B6D}.Release|x64.Build.0 = Release|x64
		{A2303152-0F67-4CA5-8639-0A16E64A8B6D}.Release|x86.ActiveCfg = Release|x86
		{A2303152-0F67-4CA5-8639-0A16E64A8B6D}.Release|x86.Build.0 = Release|x86
		{13AB2470-6ABB-4E28-B5D6-88483C92E871}.Debug|Any CPU.ActiveCfg = Debug|Any CPU
		{13AB2470-6ABB-4E28-B5D6-88483C92E871}.Debug|Any CPU.Build.0 = Debug|Any CPU
		{13AB2470-6ABB-4E28-B5D6-88483C92E871}.Debug|ARM.ActiveCfg = Debug|Any CPU
		{13AB2470-6ABB-4E28-B5D6-88483C92E871}.Debug|x64.ActiveCfg = Debug|Any CPU
		{13AB2470-6ABB-4E28-B5D6-88483C92E871}.Debug|x86.ActiveCfg = Debug|Any CPU
		{13AB2470-6ABB-4E28-B5D6-88483C92E871}.Release|Any CPU.ActiveCfg = Release|Any CPU
		{13AB2470-6ABB-4E28-B5D6-88483C92E871}.Release|Any CPU.Build.0 = Release|Any CPU
		{13AB2470-6ABB-4E28-B5D6-88483C92E871}.Release|ARM.ActiveCfg = Release|Any CPU
		{13AB2470-6ABB-4E28-B5D6-88483C92E871}.Release|x64.ActiveCfg = Release|Any CPU
		{13AB2470-6ABB-4E28-B5D6-88483C92E871}.Release|x86.ActiveCfg = Release|Any CPU
		{4F93F2D6-F9C4-4174-AC52-505800FA2FFC}.Debug|Any CPU.ActiveCfg = Debug|Any CPU
		{4F93F2D6-F9C4-4174-AC52-505800FA2FFC}.Debug|Any CPU.Build.0 = Debug|Any CPU
		{4F93F2D6-F9C4-4174-AC52-505800FA2FFC}.Debug|Any CPU.Deploy.0 = Debug|Any CPU
		{4F93F2D6-F9C4-4174-AC52-505800FA2FFC}.Debug|ARM.ActiveCfg = Debug|ARM
		{4F93F2D6-F9C4-4174-AC52-505800FA2FFC}.Debug|ARM.Build.0 = Debug|ARM
		{4F93F2D6-F9C4-4174-AC52-505800FA2FFC}.Debug|ARM.Deploy.0 = Debug|ARM
		{4F93F2D6-F9C4-4174-AC52-505800FA2FFC}.Debug|x64.ActiveCfg = Debug|x64
		{4F93F2D6-F9C4-4174-AC52-505800FA2FFC}.Debug|x64.Build.0 = Debug|x64
		{4F93F2D6-F9C4-4174-AC52-505800FA2FFC}.Debug|x64.Deploy.0 = Debug|x64
		{4F93F2D6-F9C4-4174-AC52-505800FA2FFC}.Debug|x86.ActiveCfg = Debug|x86
		{4F93F2D6-F9C4-4174-AC52-505800FA2FFC}.Debug|x86.Build.0 = Debug|x86
		{4F93F2D6-F9C4-4174-AC52-505800FA2FFC}.Debug|x86.Deploy.0 = Debug|x86
		{4F93F2D6-F9C4-4174-AC52-505800FA2FFC}.Release|Any CPU.ActiveCfg = Release|Any CPU
		{4F93F2D6-F9C4-4174-AC52-505800FA2FFC}.Release|Any CPU.Build.0 = Release|Any CPU
		{4F93F2D6-F9C4-4174-AC52-505800FA2FFC}.Release|Any CPU.Deploy.0 = Release|Any CPU
		{4F93F2D6-F9C4-4174-AC52-505800FA2FFC}.Release|ARM.ActiveCfg = Release|ARM
		{4F93F2D6-F9C4-4174-AC52-505800FA2FFC}.Release|ARM.Build.0 = Release|ARM
		{4F93F2D6-F9C4-4174-AC52-505800FA2FFC}.Release|ARM.Deploy.0 = Release|ARM
		{4F93F2D6-F9C4-4174-AC52-505800FA2FFC}.Release|x64.ActiveCfg = Release|x64
		{4F93F2D6-F9C4-4174-AC52-505800FA2FFC}.Release|x64.Build.0 = Release|x64
		{4F93F2D6-F9C4-4174-AC52-505800FA2FFC}.Release|x64.Deploy.0 = Release|x64
		{4F93F2D6-F9C4-4174-AC52-505800FA2FFC}.Release|x86.ActiveCfg = Release|x86
		{4F93F2D6-F9C4-4174-AC52-505800FA2FFC}.Release|x86.Build.0 = Release|x86
		{4F93F2D6-F9C4-4174-AC52-505800FA2FFC}.Release|x86.Deploy.0 = Release|x86
		{02EF7FFF-F0E3-460B-B97E-C65F937F1692}.Debug|Any CPU.ActiveCfg = Debug|Any CPU
		{02EF7FFF-F0E3-460B-B97E-C65F937F1692}.Debug|Any CPU.Build.0 = Debug|Any CPU
		{02EF7FFF-F0E3-460B-B97E-C65F937F1692}.Debug|Any CPU.Deploy.0 = Debug|Any CPU
		{02EF7FFF-F0E3-460B-B97E-C65F937F1692}.Debug|ARM.ActiveCfg = Debug|ARM
		{02EF7FFF-F0E3-460B-B97E-C65F937F1692}.Debug|ARM.Build.0 = Debug|ARM
		{02EF7FFF-F0E3-460B-B97E-C65F937F1692}.Debug|ARM.Deploy.0 = Debug|ARM
		{02EF7FFF-F0E3-460B-B97E-C65F937F1692}.Debug|x64.ActiveCfg = Debug|Any CPU
		{02EF7FFF-F0E3-460B-B97E-C65F937F1692}.Debug|x86.ActiveCfg = Debug|x86
		{02EF7FFF-F0E3-460B-B97E-C65F937F1692}.Debug|x86.Build.0 = Debug|x86
		{02EF7FFF-F0E3-460B-B97E-C65F937F1692}.Debug|x86.Deploy.0 = Debug|x86
		{02EF7FFF-F0E3-460B-B97E-C65F937F1692}.Release|Any CPU.ActiveCfg = Release|Any CPU
		{02EF7FFF-F0E3-460B-B97E-C65F937F1692}.Release|Any CPU.Build.0 = Release|Any CPU
		{02EF7FFF-F0E3-460B-B97E-C65F937F1692}.Release|Any CPU.Deploy.0 = Release|Any CPU
		{02EF7FFF-F0E3-460B-B97E-C65F937F1692}.Release|ARM.ActiveCfg = Release|ARM
		{02EF7FFF-F0E3-460B-B97E-C65F937F1692}.Release|ARM.Build.0 = Release|ARM
		{02EF7FFF-F0E3-460B-B97E-C65F937F1692}.Release|ARM.Deploy.0 = Release|ARM
		{02EF7FFF-F0E3-460B-B97E-C65F937F1692}.Release|x64.ActiveCfg = Release|Any CPU
		{02EF7FFF-F0E3-460B-B97E-C65F937F1692}.Release|x86.ActiveCfg = Release|x86
		{02EF7FFF-F0E3-460B-B97E-C65F937F1692}.Release|x86.Build.0 = Release|x86
		{02EF7FFF-F0E3-460B-B97E-C65F937F1692}.Release|x86.Deploy.0 = Release|x86
		{0C4C3E22-F620-49C9-B7B7-BBB667A5F3A8}.Debug|Any CPU.ActiveCfg = Debug|Any CPU
		{0C4C3E22-F620-49C9-B7B7-BBB667A5F3A8}.Debug|Any CPU.Build.0 = Debug|Any CPU
		{0C4C3E22-F620-49C9-B7B7-BBB667A5F3A8}.Debug|ARM.ActiveCfg = Debug|ARM
		{0C4C3E22-F620-49C9-B7B7-BBB667A5F3A8}.Debug|ARM.Build.0 = Debug|ARM
		{0C4C3E22-F620-49C9-B7B7-BBB667A5F3A8}.Debug|x64.ActiveCfg = Debug|x64
		{0C4C3E22-F620-49C9-B7B7-BBB667A5F3A8}.Debug|x64.Build.0 = Debug|x64
		{0C4C3E22-F620-49C9-B7B7-BBB667A5F3A8}.Debug|x86.ActiveCfg = Debug|x86
		{0C4C3E22-F620-49C9-B7B7-BBB667A5F3A8}.Debug|x86.Build.0 = Debug|x86
		{0C4C3E22-F620-49C9-B7B7-BBB667A5F3A8}.Release|Any CPU.ActiveCfg = Release|Any CPU
		{0C4C3E22-F620-49C9-B7B7-BBB667A5F3A8}.Release|Any CPU.Build.0 = Release|Any CPU
		{0C4C3E22-F620-49C9-B7B7-BBB667A5F3A8}.Release|ARM.ActiveCfg = Release|ARM
		{0C4C3E22-F620-49C9-B7B7-BBB667A5F3A8}.Release|ARM.Build.0 = Release|ARM
		{0C4C3E22-F620-49C9-B7B7-BBB667A5F3A8}.Release|x64.ActiveCfg = Release|x64
		{0C4C3E22-F620-49C9-B7B7-BBB667A5F3A8}.Release|x64.Build.0 = Release|x64
		{0C4C3E22-F620-49C9-B7B7-BBB667A5F3A8}.Release|x86.ActiveCfg = Release|x86
		{0C4C3E22-F620-49C9-B7B7-BBB667A5F3A8}.Release|x86.Build.0 = Release|x86
		{77C5A421-7580-4950-B5EE-DB86F896DBCF}.Debug|Any CPU.ActiveCfg = Debug|Any CPU
		{77C5A421-7580-4950-B5EE-DB86F896DBCF}.Debug|Any CPU.Build.0 = Debug|Any CPU
		{77C5A421-7580-4950-B5EE-DB86F896DBCF}.Debug|ARM.ActiveCfg = Debug|ARM
		{77C5A421-7580-4950-B5EE-DB86F896DBCF}.Debug|ARM.Build.0 = Debug|ARM
		{77C5A421-7580-4950-B5EE-DB86F896DBCF}.Debug|x64.ActiveCfg = Debug|x64
		{77C5A421-7580-4950-B5EE-DB86F896DBCF}.Debug|x64.Build.0 = Debug|x64
		{77C5A421-7580-4950-B5EE-DB86F896DBCF}.Debug|x86.ActiveCfg = Debug|x86
		{77C5A421-7580-4950-B5EE-DB86F896DBCF}.Debug|x86.Build.0 = Debug|x86
		{77C5A421-7580-4950-B5EE-DB86F896DBCF}.Release|Any CPU.ActiveCfg = Release|Any CPU
		{77C5A421-7580-4950-B5EE-DB86F896DBCF}.Release|Any CPU.Build.0 = Release|Any CPU
		{77C5A421-7580-4950-B5EE-DB86F896DBCF}.Release|ARM.ActiveCfg = Release|ARM
		{77C5A421-7580-4950-B5EE-DB86F896DBCF}.Release|ARM.Build.0 = Release|ARM
		{77C5A421-7580-4950-B5EE-DB86F896DBCF}.Release|x64.ActiveCfg = Release|x64
		{77C5A421-7580-4950-B5EE-DB86F896DBCF}.Release|x64.Build.0 = Release|x64
		{77C5A421-7580-4950-B5EE-DB86F896DBCF}.Release|x86.ActiveCfg = Release|x86
		{77C5A421-7580-4950-B5EE-DB86F896DBCF}.Release|x86.Build.0 = Release|x86
		{9D0B7293-685A-4BD1-85F6-603DB4D140F2}.Debug|Any CPU.ActiveCfg = Debug|Any CPU
		{9D0B7293-685A-4BD1-85F6-603DB4D140F2}.Debug|Any CPU.Build.0 = Debug|Any CPU
		{9D0B7293-685A-4BD1-85F6-603DB4D140F2}.Debug|ARM.ActiveCfg = Debug|ARM
		{9D0B7293-685A-4BD1-85F6-603DB4D140F2}.Debug|ARM.Build.0 = Debug|ARM
		{9D0B7293-685A-4BD1-85F6-603DB4D140F2}.Debug|x64.ActiveCfg = Debug|Any CPU
		{9D0B7293-685A-4BD1-85F6-603DB4D140F2}.Debug|x86.ActiveCfg = Debug|x86
		{9D0B7293-685A-4BD1-85F6-603DB4D140F2}.Debug|x86.Build.0 = Debug|x86
		{9D0B7293-685A-4BD1-85F6-603DB4D140F2}.Release|Any CPU.ActiveCfg = Release|Any CPU
		{9D0B7293-685A-4BD1-85F6-603DB4D140F2}.Release|Any CPU.Build.0 = Release|Any CPU
		{9D0B7293-685A-4BD1-85F6-603DB4D140F2}.Release|ARM.ActiveCfg = Release|ARM
		{9D0B7293-685A-4BD1-85F6-603DB4D140F2}.Release|ARM.Build.0 = Release|ARM
		{9D0B7293-685A-4BD1-85F6-603DB4D140F2}.Release|x64.ActiveCfg = Release|Any CPU
		{9D0B7293-685A-4BD1-85F6-603DB4D140F2}.Release|x86.ActiveCfg = Release|x86
		{9D0B7293-685A-4BD1-85F6-603DB4D140F2}.Release|x86.Build.0 = Release|x86
	EndGlobalSection
	GlobalSection(SolutionProperties) = preSolution
		HideSolutionNode = FALSE
	EndGlobalSection
	GlobalSection(NestedProjects) = preSolution
		{0DB06939-5AF8-4446-8321-AF6ABA56318E} = {0EBAAA17-2E29-4A75-B7D8-479BCDA76FC8}
		{3F9E75B9-C645-4E98-ABEC-A53B85DDA651} = {C3F03DDF-A032-4E32-BD38-24CCBF104705}
		{13AB2470-6ABB-4E28-B5D6-88483C92E871} = {C3F03DDF-A032-4E32-BD38-24CCBF104705}
		{4F93F2D6-F9C4-4174-AC52-505800FA2FFC} = {C3F03DDF-A032-4E32-BD38-24CCBF104705}
		{3A274352-DCCF-4265-9BB3-5197AA55B11D} = {0EBAAA17-2E29-4A75-B7D8-479BCDA76FC8}
		{02EF7FFF-F0E3-460B-B97E-C65F937F1692} = {0EBAAA17-2E29-4A75-B7D8-479BCDA76FC8}
	EndGlobalSection
EndGlobal
