
Microsoft Visual Studio Solution File, Format Version 12.00
# Visual Studio 2013
VisualStudioVersion = 12.0.30324.0
MinimumVisualStudioVersion = 10.0.40219.1
Project("{FAE04EC0-301F-11D3-BF4B-00C04F79EFBC}") = "ExtendedSplashScreen", "ExtendedSplashScreen\ExtendedSplashScreen.csproj", "{B199BC18-16ED-4B3A-9165-54FFB02ED179}"
EndProject
Project("{FAE04EC0-301F-11D3-BF4B-00C04F79EFBC}") = "Microsoft.Practices.Prism.StoreApps", "..\..\Prism.StoreApps\Microsoft.Practices.Prism.StoreApps.csproj", "{A2303152-0F67-4CA5-8639-0A16E64A8B6D}"
EndProject
Project("{2150E333-8FDC-42A3-9474-1A3956D46DE8}") = ".nuget", ".nuget", "{8BEA9755-3855-47E2-A379-C2E9D544C0B8}"
	ProjectSection(SolutionItems) = preProject
		.nuget\NuGet.Config = .nuget\NuGet.Config
		.nuget\NuGet.targets = .nuget\NuGet.targets
	EndProjectSection
EndProject
Project("{FAE04EC0-301F-11D3-BF4B-00C04F79EFBC}") = "Microsoft.Practices.Prism.StoreApps.Windows", "..\..\Prism.StoreApps.Windows\Microsoft.Practices.Prism.StoreApps.Windows.csproj", "{77C5A421-7580-4950-B5EE-DB86F896DBCF}"
EndProject
Global
	GlobalSection(SolutionConfigurationPlatforms) = preSolution
		Debug|Any CPU = Debug|Any CPU
		Debug|ARM = Debug|ARM
		Debug|x64 = Debug|x64
		Debug|x86 = Debug|x86
		Release|Any CPU = Release|Any CPU
		Release|ARM = Release|ARM
		Release|x64 = Release|x64
		Release|x86 = Release|x86
	EndGlobalSection
	GlobalSection(ProjectConfigurationPlatforms) = postSolution
		{B199BC18-16ED-4B3A-9165-54FFB02ED179}.Debug|Any CPU.ActiveCfg = Debug|Any CPU
		{B199BC18-16ED-4B3A-9165-54FFB02ED179}.Debug|Any CPU.Build.0 = Debug|Any CPU
		{B199BC18-16ED-4B3A-9165-54FFB02ED179}.Debug|Any CPU.Deploy.0 = Debug|Any CPU
		{B199BC18-16ED-4B3A-9165-54FFB02ED179}.Debug|ARM.ActiveCfg = Debug|ARM
		{B199BC18-16ED-4B3A-9165-54FFB02ED179}.Debug|ARM.Build.0 = Debug|ARM
		{B199BC18-16ED-4B3A-9165-54FFB02ED179}.Debug|ARM.Deploy.0 = Debug|ARM
		{B199BC18-16ED-4B3A-9165-54FFB02ED179}.Debug|x64.ActiveCfg = Debug|x64
		{B199BC18-16ED-4B3A-9165-54FFB02ED179}.Debug|x64.Build.0 = Debug|x64
		{B199BC18-16ED-4B3A-9165-54FFB02ED179}.Debug|x64.Deploy.0 = Debug|x64
		{B199BC18-16ED-4B3A-9165-54FFB02ED179}.Debug|x86.ActiveCfg = Debug|x86
		{B199BC18-16ED-4B3A-9165-54FFB02ED179}.Debug|x86.Build.0 = Debug|x86
		{B199BC18-16ED-4B3A-9165-54FFB02ED179}.Debug|x86.Deploy.0 = Debug|x86
		{B199BC18-16ED-4B3A-9165-54FFB02ED179}.Release|Any CPU.ActiveCfg = Release|Any CPU
		{B199BC18-16ED-4B3A-9165-54FFB02ED179}.Release|Any CPU.Build.0 = Release|Any CPU
		{B199BC18-16ED-4B3A-9165-54FFB02ED179}.Release|Any CPU.Deploy.0 = Release|Any CPU
		{B199BC18-16ED-4B3A-9165-54FFB02ED179}.Release|ARM.ActiveCfg = Release|ARM
		{B199BC18-16ED-4B3A-9165-54FFB02ED179}.Release|ARM.Build.0 = Release|ARM
		{B199BC18-16ED-4B3A-9165-54FFB02ED179}.Release|ARM.Deploy.0 = Release|ARM
		{B199BC18-16ED-4B3A-9165-54FFB02ED179}.Release|x64.ActiveCfg = Release|x64
		{B199BC18-16ED-4B3A-9165-54FFB02ED179}.Release|x64.Build.0 = Release|x64
		{B199BC18-16ED-4B3A-9165-54FFB02ED179}.Release|x64.Deploy.0 = Release|x64
		{B199BC18-16ED-4B3A-9165-54FFB02ED179}.Release|x86.ActiveCfg = Release|x86
		{B199BC18-16ED-4B3A-9165-54FFB02ED179}.Release|x86.Build.0 = Release|x86
		{B199BC18-16ED-4B3A-9165-54FFB02ED179}.Release|x86.Deploy.0 = Release|x86
		{A2303152-0F67-4CA5-8639-0A16E64A8B6D}.Debug|Any CPU.ActiveCfg = Debug|Any CPU
		{A2303152-0F67-4CA5-8639-0A16E64A8B6D}.Debug|Any CPU.Build.0 = Debug|Any CPU
		{A2303152-0F67-4CA5-8639-0A16E64A8B6D}.Debug|ARM.ActiveCfg = Debug|ARM
		{A2303152-0F67-4CA5-8639-0A16E64A8B6D}.Debug|ARM.Build.0 = Debug|ARM
		{A2303152-0F67-4CA5-8639-0A16E64A8B6D}.Debug|x64.ActiveCfg = Debug|x64
		{A2303152-0F67-4CA5-8639-0A16E64A8B6D}.Debug|x64.Build.0 = Debug|x64
		{A2303152-0F67-4CA5-8639-0A16E64A8B6D}.Debug|x86.ActiveCfg = Debug|x86
		{A2303152-0F67-4CA5-8639-0A16E64A8B6D}.Debug|x86.Build.0 = Debug|x86
		{A2303152-0F67-4CA5-8639-0A16E64A8B6D}.Release|Any CPU.ActiveCfg = Release|Any CPU
		{A2303152-0F67-4CA5-8639-0A16E64A8B6D}.Release|Any CPU.Build.0 = Release|Any CPU
		{A2303152-0F67-4CA5-8639-0A16E64A8B6D}.Release|ARM.ActiveCfg = Release|ARM
		{A2303152-0F67-4CA5-8639-0A16E64A8B6D}.Release|ARM.Build.0 = Release|ARM
		{A2303152-0F67-4CA5-8639-0A16E64A8B6D}.Release|x64.ActiveCfg = Release|x64
		{A2303152-0F67-4CA5-8639-0A16E64A8B6D}.Release|x64.Build.0 = Release|x64
		{A2303152-0F67-4CA5-8639-0A16E64A8B6D}.Release|x86.ActiveCfg = Release|x86
		{A2303152-0F67-4CA5-8639-0A16E64A8B6D}.Release|x86.Build.0 = Release|x86
		{77C5A421-7580-4950-B5EE-DB86F896DBCF}.Debug|Any CPU.ActiveCfg = Debug|Any CPU
		{77C5A421-7580-4950-B5EE-DB86F896DBCF}.Debug|Any CPU.Build.0 = Debug|Any CPU
		{77C5A421-7580-4950-B5EE-DB86F896DBCF}.Debug|ARM.ActiveCfg = Debug|ARM
		{77C5A421-7580-4950-B5EE-DB86F896DBCF}.Debug|ARM.Build.0 = Debug|ARM
		{77C5A421-7580-4950-B5EE-DB86F896DBCF}.Debug|x64.ActiveCfg = Debug|x64
		{77C5A421-7580-4950-B5EE-DB86F896DBCF}.Debug|x64.Build.0 = Debug|x64
		{77C5A421-7580-4950-B5EE-DB86F896DBCF}.Debug|x86.ActiveCfg = Debug|x86
		{77C5A421-7580-4950-B5EE-DB86F896DBCF}.Debug|x86.Build.0 = Debug|x86
		{77C5A421-7580-4950-B5EE-DB86F896DBCF}.Release|Any CPU.ActiveCfg = Release|Any CPU
		{77C5A421-7580-4950-B5EE-DB86F896DBCF}.Release|Any CPU.Build.0 = Release|Any CPU
		{77C5A421-7580-4950-B5EE-DB86F896DBCF}.Release|ARM.ActiveCfg = Release|ARM
		{77C5A421-7580-4950-B5EE-DB86F896DBCF}.Release|ARM.Build.0 = Release|ARM
		{77C5A421-7580-4950-B5EE-DB86F896DBCF}.Release|x64.ActiveCfg = Release|x64
		{77C5A421-7580-4950-B5EE-DB86F896DBCF}.Release|x64.Build.0 = Release|x64
		{77C5A421-7580-4950-B5EE-DB86F896DBCF}.Release|x86.ActiveCfg = Release|x86
		{77C5A421-7580-4950-B5EE-DB86F896DBCF}.Release|x86.Build.0 = Release|x86
	EndGlobalSection
	GlobalSection(SolutionProperties) = preSolution
		HideSolutionNode = FALSE
	EndGlobalSection
EndGlobal
